{
  "name": "bbt394129",
  "lockfileVersion": 3,
  "requires": true,
  "packages": {
    "": {
      "dependencies": {
        "big-bang-theory": "^1.0.1"
      }
    },
    "node_modules/big-bang-theory": {
      "version": "1.0.1",
      "resolved": "https://registry.npmjs.org/big-bang-theory/-/big-bang-theory-1.0.1.tgz",
      "integrity": "sha512-fzZaKcwvQgCjSDToBgnrp3Jo+kT4q2mmn+AJPW4J0683nG/YAa+tzNA2MJS4X+cUzuqgXxGHFaUZX0yt0+FaGw=="
    }
  }
}
